
Microsoft Visual Studio Solution File, Format Version 12.00
# Visual Studio Version 17
VisualStudioVersion = 17.3.32922.545
MinimumVisualStudioVersion = 10.0.40219.1
Project("{9A19103F-16F7-4668-BE54-9A1E7A4F7556}") = "Genlogin_CSharp", "Genlogin-CSharp\Genlogin_CSharp.csproj", "{A3FF6356-77AC-4EEF-A651-CC6F41749661}"
EndProject
Global
	GlobalSection(SolutionConfigurationPlatforms) = preSolution
		Debug|Any CPU = Debug|Any CPU
		Release|Any CPU = Release|Any CPU
	EndGlobalSection
	GlobalSection(ProjectConfigurationPlatforms) = postSolution
		{A3FF6356-77AC-4EEF-A651-CC6F41749661}.Debug|Any CPU.ActiveCfg = Debug|Any CPU
		{A3FF6356-77AC-4EEF-A651-CC6F41749661}.Debug|Any CPU.Build.0 = Debug|Any CPU
		{A3FF6356-77AC-4EEF-A651-CC6F41749661}.Release|Any CPU.ActiveCfg = Release|Any CPU
		{A3FF6356-77AC-4EEF-A651-CC6F41749661}.Release|Any CPU.Build.0 = Release|Any CPU
	EndGlobalSection
	GlobalSection(SolutionProperties) = preSolution
		HideSolutionNode = FALSE
	EndGlobalSection
	GlobalSection(ExtensibilityGlobals) = postSolution
		SolutionGuid = {63945182-CAE0-49C2-B8D0-7B120F832B5C}
	EndGlobalSection
EndGlobal
